
Microsoft Visual Studio Solution File, Format Version 12.00
# Visual Studio 15
VisualStudioVersion = 15.0.27130.2027
MinimumVisualStudioVersion = 10.0.40219.1
Project("{9A19103F-16F7-4668-BE54-9A1E7A4F7556}") = "bi_dev.integration.google.auth", "bi_dev.integration.google.auth\bi_dev.integration.google.auth.csproj", "{15FC9F9D-9548-4AF7-884C-73C2D74D66FF}"
EndProject
Project("{9A19103F-16F7-4668-BE54-9A1E7A4F7556}") = "bi_dev.integration.google.analytics.reporting", "bi_dev.integration.google.analytics.reporting\bi_dev.integration.google.analytics.reporting.csproj", "{879F451B-041D-407B-AE28-2AA7ADF41052}"
EndProject
Project("{9A19103F-16F7-4668-BE54-9A1E7A4F7556}") = "bi_dev.integration.yandex.metrika.reporting", "..\yandex\bi_dev.integration.yandex.metrika.reporting\bi_dev.integration.yandex.metrika.reporting.csproj", "{76DCF0C5-0A62-42C9-8532-B16E8AA1665F}"
EndProject
Project("{9A19103F-16F7-4668-BE54-9A1E7A4F7556}") = "bi_dev.integration.yandex.auth", "..\yandex\bi_dev.integration.yandex.auth\bi_dev.integration.yandex.auth.csproj", "{0914C185-0770-45C9-B81F-34D42D121F26}"
EndProject
Project("{9A19103F-16F7-4668-BE54-9A1E7A4F7556}") = "bi_dev.integration.reporting.Cnsl", "..\cnsl\bi_dev.integration.reporting.cnsl\bi_dev.integration.reporting.Cnsl.csproj", "{D8C94306-EC94-4E6F-A7E5-8AC7CEBE409F}"
EndProject
Project("{9A19103F-16F7-4668-BE54-9A1E7A4F7556}") = "bi_dev.integration.reporting.storage", "bi_dev.integration.google.analytics.reporting.storage\bi_dev.integration.reporting.storage.csproj", "{C3F8A410-3F8D-4FBB-889B-D556B75C9BEE}"
EndProject
Project("{9A19103F-16F7-4668-BE54-9A1E7A4F7556}") = "bi_dev.integration.utils.storage", "..\utils\bi_dev.integration.utils.storage\bi_dev.integration.utils.storage.csproj", "{ED55DF25-5A48-40E0-BCED-830DFEA084CB}"
EndProject
Project("{9A19103F-16F7-4668-BE54-9A1E7A4F7556}") = "bi_dev.integration.google.adwords.reporting", "bi_dev.integration.google.adwords.reporting\bi_dev.integration.google.adwords.reporting.csproj", "{E5CC5EE7-9BD9-469D-BC15-1399DD4596A4}"
EndProject
Project("{9A19103F-16F7-4668-BE54-9A1E7A4F7556}") = "bi_dev.integration.utils", "..\utils\bi_dev.integration.utils\bi_dev.integration.utils.csproj", "{FD34472C-55C9-4FFA-AAD5-EE9E6742012F}"
EndProject
Project("{9A19103F-16F7-4668-BE54-9A1E7A4F7556}") = "bi_dev.integration.calltouch.reporting", "..\calltouch\bi_dev.integration.calltouch.reporting\bi_dev.integration.calltouch.reporting.csproj", "{70659534-AC56-4E44-B218-B5FD149D9BB3}"
EndProject
Project("{9A19103F-16F7-4668-BE54-9A1E7A4F7556}") = "bi_dev.integration.reporting", "..\bi_dev.integration.reporting\bi_dev.integration.reporting.csproj", "{B198EE04-7FD3-48E3-8F82-E990C54AD07E}"
EndProject
Project("{9A19103F-16F7-4668-BE54-9A1E7A4F7556}") = "bi_dev.integration.calltouch.auth", "..\calltouch\bi_dev.integration.calltouch.auth\bi_dev.integration.calltouch.auth.csproj", "{A8116F5B-CC4F-4D67-9D0D-701FCA5EE18A}"
EndProject
Project("{9A19103F-16F7-4668-BE54-9A1E7A4F7556}") = "bi_dev.integration.yandex.direct.reporting", "..\yandex\bi_dev.integration.yandex.direct.reporting\bi_dev.integration.yandex.direct.reporting.csproj", "{F9F268CE-F5F0-4A42-995C-64B239A3AF1A}"
EndProject
Project("{9A19103F-16F7-4668-BE54-9A1E7A4F7556}") = "bi_dev.integration.gitlab.auth", "..\gitlab\bi_dev.integration.gitlab.auth\bi_dev.integration.gitlab.auth.csproj", "{A1B52685-E7E9-4B9F-A514-D40C51629A81}"
EndProject
Project("{9A19103F-16F7-4668-BE54-9A1E7A4F7556}") = "bi_dev.integration.gitlab.reporting", "..\gitlab\bi_dev.integration.gitlab.reporting\bi_dev.integration.gitlab.reporting.csproj", "{C873EA1C-3A87-497F-B45E-135F122A7AF3}"
EndProject
Project("{9A19103F-16F7-4668-BE54-9A1E7A4F7556}") = "bi_dev.integration.google.sheets.reporting", "bi_dev.integration.google.sheets.reporting\bi_dev.integration.google.sheets.reporting.csproj", "{709BFDCE-41B3-455C-9458-0DB1A7FD014E}"
EndProject
Project("{9A19103F-16F7-4668-BE54-9A1E7A4F7556}") = "bi_dev.integration.reporting.cnsl.google_sheet", "..\cnsl\bi_dev.integration.cnsl.google_sheet\bi_dev.integration.reporting.cnsl.google_sheet.csproj", "{BF9F56D2-62E8-4DDF-9B82-737F049E9E4C}"
EndProject
Project("{9A19103F-16F7-4668-BE54-9A1E7A4F7556}") = "bi_dev.integration.comagic.auth", "..\comagic\bi_dev.integration.comagic.auth\bi_dev.integration.comagic.auth.csproj", "{FDAE8042-6BA9-4402-8ECC-CBCF888EE577}"
EndProject
Project("{9A19103F-16F7-4668-BE54-9A1E7A4F7556}") = "bi_dev.integration.comagic.reporting", "..\comagic\bi_dev.integration.comagic.reporting\bi_dev.integration.comagic.reporting.csproj", "{60F5E2FD-3448-4C64-95B1-0FD80F6EB5DD}"
EndProject
Project("{9A19103F-16F7-4668-BE54-9A1E7A4F7556}") = "bi_dev.integration.auth", "..\bi_dev.integration.auth\bi_dev.integration.auth.csproj", "{4E3EA275-A224-4035-BBDD-02DAD41BAC8F}"
EndProject
Project("{9A19103F-16F7-4668-BE54-9A1E7A4F7556}") = "bi_dev.integration.reporting.cnsl.comagic", "..\cnsl\bi_dev.integration.reporting.cnsl.comagic\bi_dev.integration.reporting.cnsl.comagic.csproj", "{3A7176F1-8B09-448E-A02B-071B257CBE84}"
EndProject
Project("{FAE04EC0-301F-11D3-BF4B-00C04F79EFBC}") = "bi_dev.integration.reporting.cnsl.calltouch", "..\cnsl\bi_dev.integration.reporting.cnsl.calltouch\bi_dev.integration.reporting.cnsl.calltouch.csproj", "{174C6A53-E230-42E7-9C44-8B95BAE9E3A8}"
EndProject
Global
	GlobalSection(SolutionConfigurationPlatforms) = preSolution
		Debug|Any CPU = Debug|Any CPU
		Release|Any CPU = Release|Any CPU
	EndGlobalSection
	GlobalSection(ProjectConfigurationPlatforms) = postSolution
		{15FC9F9D-9548-4AF7-884C-73C2D74D66FF}.Debug|Any CPU.ActiveCfg = Debug|Any CPU
		{15FC9F9D-9548-4AF7-884C-73C2D74D66FF}.Debug|Any CPU.Build.0 = Debug|Any CPU
		{15FC9F9D-9548-4AF7-884C-73C2D74D66FF}.Release|Any CPU.ActiveCfg = Release|Any CPU
		{15FC9F9D-9548-4AF7-884C-73C2D74D66FF}.Release|Any CPU.Build.0 = Release|Any CPU
		{879F451B-041D-407B-AE28-2AA7ADF41052}.Debug|Any CPU.ActiveCfg = Debug|Any CPU
		{879F451B-041D-407B-AE28-2AA7ADF41052}.Debug|Any CPU.Build.0 = Debug|Any CPU
		{879F451B-041D-407B-AE28-2AA7ADF41052}.Release|Any CPU.ActiveCfg = Release|Any CPU
		{879F451B-041D-407B-AE28-2AA7ADF41052}.Release|Any CPU.Build.0 = Release|Any CPU
		{76DCF0C5-0A62-42C9-8532-B16E8AA1665F}.Debug|Any CPU.ActiveCfg = Debug|Any CPU
		{76DCF0C5-0A62-42C9-8532-B16E8AA1665F}.Debug|Any CPU.Build.0 = Debug|Any CPU
		{76DCF0C5-0A62-42C9-8532-B16E8AA1665F}.Release|Any CPU.ActiveCfg = Release|Any CPU
		{76DCF0C5-0A62-42C9-8532-B16E8AA1665F}.Release|Any CPU.Build.0 = Release|Any CPU
		{0914C185-0770-45C9-B81F-34D42D121F26}.Debug|Any CPU.ActiveCfg = Debug|Any CPU
		{0914C185-0770-45C9-B81F-34D42D121F26}.Debug|Any CPU.Build.0 = Debug|Any CPU
		{0914C185-0770-45C9-B81F-34D42D121F26}.Release|Any CPU.ActiveCfg = Release|Any CPU
		{0914C185-0770-45C9-B81F-34D42D121F26}.Release|Any CPU.Build.0 = Release|Any CPU
		{D8C94306-EC94-4E6F-A7E5-8AC7CEBE409F}.Debug|Any CPU.ActiveCfg = Debug|Any CPU
		{D8C94306-EC94-4E6F-A7E5-8AC7CEBE409F}.Debug|Any CPU.Build.0 = Debug|Any CPU
		{D8C94306-EC94-4E6F-A7E5-8AC7CEBE409F}.Release|Any CPU.ActiveCfg = Release|Any CPU
		{D8C94306-EC94-4E6F-A7E5-8AC7CEBE409F}.Release|Any CPU.Build.0 = Release|Any CPU
		{C3F8A410-3F8D-4FBB-889B-D556B75C9BEE}.Debug|Any CPU.ActiveCfg = Debug|Any CPU
		{C3F8A410-3F8D-4FBB-889B-D556B75C9BEE}.Debug|Any CPU.Build.0 = Debug|Any CPU
		{C3F8A410-3F8D-4FBB-889B-D556B75C9BEE}.Release|Any CPU.ActiveCfg = Release|Any CPU
		{C3F8A410-3F8D-4FBB-889B-D556B75C9BEE}.Release|Any CPU.Build.0 = Release|Any CPU
		{ED55DF25-5A48-40E0-BCED-830DFEA084CB}.Debug|Any CPU.ActiveCfg = Debug|Any CPU
		{ED55DF25-5A48-40E0-BCED-830DFEA084CB}.Debug|Any CPU.Build.0 = Debug|Any CPU
		{ED55DF25-5A48-40E0-BCED-830DFEA084CB}.Release|Any CPU.ActiveCfg = Release|Any CPU
		{ED55DF25-5A48-40E0-BCED-830DFEA084CB}.Release|Any CPU.Build.0 = Release|Any CPU
		{E5CC5EE7-9BD9-469D-BC15-1399DD4596A4}.Debug|Any CPU.ActiveCfg = Debug|Any CPU
		{E5CC5EE7-9BD9-469D-BC15-1399DD4596A4}.Debug|Any CPU.Build.0 = Debug|Any CPU
		{E5CC5EE7-9BD9-469D-BC15-1399DD4596A4}.Release|Any CPU.ActiveCfg = Release|Any CPU
		{E5CC5EE7-9BD9-469D-BC15-1399DD4596A4}.Release|Any CPU.Build.0 = Release|Any CPU
		{FD34472C-55C9-4FFA-AAD5-EE9E6742012F}.Debug|Any CPU.ActiveCfg = Debug|Any CPU
		{FD34472C-55C9-4FFA-AAD5-EE9E6742012F}.Debug|Any CPU.Build.0 = Debug|Any CPU
		{FD34472C-55C9-4FFA-AAD5-EE9E6742012F}.Release|Any CPU.ActiveCfg = Release|Any CPU
		{FD34472C-55C9-4FFA-AAD5-EE9E6742012F}.Release|Any CPU.Build.0 = Release|Any CPU
		{70659534-AC56-4E44-B218-B5FD149D9BB3}.Debug|Any CPU.ActiveCfg = Debug|Any CPU
		{70659534-AC56-4E44-B218-B5FD149D9BB3}.Debug|Any CPU.Build.0 = Debug|Any CPU
		{70659534-AC56-4E44-B218-B5FD149D9BB3}.Release|Any CPU.ActiveCfg = Release|Any CPU
		{70659534-AC56-4E44-B218-B5FD149D9BB3}.Release|Any CPU.Build.0 = Release|Any CPU
		{B198EE04-7FD3-48E3-8F82-E990C54AD07E}.Debug|Any CPU.ActiveCfg = Debug|Any CPU
		{B198EE04-7FD3-48E3-8F82-E990C54AD07E}.Debug|Any CPU.Build.0 = Debug|Any CPU
		{B198EE04-7FD3-48E3-8F82-E990C54AD07E}.Release|Any CPU.ActiveCfg = Release|Any CPU
		{B198EE04-7FD3-48E3-8F82-E990C54AD07E}.Release|Any CPU.Build.0 = Release|Any CPU
		{A8116F5B-CC4F-4D67-9D0D-701FCA5EE18A}.Debug|Any CPU.ActiveCfg = Debug|Any CPU
		{A8116F5B-CC4F-4D67-9D0D-701FCA5EE18A}.Debug|Any CPU.Build.0 = Debug|Any CPU
		{A8116F5B-CC4F-4D67-9D0D-701FCA5EE18A}.Release|Any CPU.ActiveCfg = Release|Any CPU
		{A8116F5B-CC4F-4D67-9D0D-701FCA5EE18A}.Release|Any CPU.Build.0 = Release|Any CPU
		{F9F268CE-F5F0-4A42-995C-64B239A3AF1A}.Debug|Any CPU.ActiveCfg = Debug|Any CPU
		{F9F268CE-F5F0-4A42-995C-64B239A3AF1A}.Debug|Any CPU.Build.0 = Debug|Any CPU
		{F9F268CE-F5F0-4A42-995C-64B239A3AF1A}.Release|Any CPU.ActiveCfg = Release|Any CPU
		{F9F268CE-F5F0-4A42-995C-64B239A3AF1A}.Release|Any CPU.Build.0 = Release|Any CPU
		{A1B52685-E7E9-4B9F-A514-D40C51629A81}.Debug|Any CPU.ActiveCfg = Debug|Any CPU
		{A1B52685-E7E9-4B9F-A514-D40C51629A81}.Debug|Any CPU.Build.0 = Debug|Any CPU
		{A1B52685-E7E9-4B9F-A514-D40C51629A81}.Release|Any CPU.ActiveCfg = Release|Any CPU
		{A1B52685-E7E9-4B9F-A514-D40C51629A81}.Release|Any CPU.Build.0 = Release|Any CPU
		{C873EA1C-3A87-497F-B45E-135F122A7AF3}.Debug|Any CPU.ActiveCfg = Debug|Any CPU
		{C873EA1C-3A87-497F-B45E-135F122A7AF3}.Debug|Any CPU.Build.0 = Debug|Any CPU
		{C873EA1C-3A87-497F-B45E-135F122A7AF3}.Release|Any CPU.ActiveCfg = Release|Any CPU
		{C873EA1C-3A87-497F-B45E-135F122A7AF3}.Release|Any CPU.Build.0 = Release|Any CPU
		{709BFDCE-41B3-455C-9458-0DB1A7FD014E}.Debug|Any CPU.ActiveCfg = Debug|Any CPU
		{709BFDCE-41B3-455C-9458-0DB1A7FD014E}.Debug|Any CPU.Build.0 = Debug|Any CPU
		{709BFDCE-41B3-455C-9458-0DB1A7FD014E}.Release|Any CPU.ActiveCfg = Release|Any CPU
		{709BFDCE-41B3-455C-9458-0DB1A7FD014E}.Release|Any CPU.Build.0 = Release|Any CPU
		{BF9F56D2-62E8-4DDF-9B82-737F049E9E4C}.Debug|Any CPU.ActiveCfg = Debug|Any CPU
		{BF9F56D2-62E8-4DDF-9B82-737F049E9E4C}.Debug|Any CPU.Build.0 = Debug|Any CPU
		{BF9F56D2-62E8-4DDF-9B82-737F049E9E4C}.Release|Any CPU.ActiveCfg = Release|Any CPU
		{BF9F56D2-62E8-4DDF-9B82-737F049E9E4C}.Release|Any CPU.Build.0 = Release|Any CPU
		{FDAE8042-6BA9-4402-8ECC-CBCF888EE577}.Debug|Any CPU.ActiveCfg = Debug|Any CPU
		{FDAE8042-6BA9-4402-8ECC-CBCF888EE577}.Debug|Any CPU.Build.0 = Debug|Any CPU
		{FDAE8042-6BA9-4402-8ECC-CBCF888EE577}.Release|Any CPU.ActiveCfg = Release|Any CPU
		{FDAE8042-6BA9-4402-8ECC-CBCF888EE577}.Release|Any CPU.Build.0 = Release|Any CPU
		{60F5E2FD-3448-4C64-95B1-0FD80F6EB5DD}.Debug|Any CPU.ActiveCfg = Debug|Any CPU
		{60F5E2FD-3448-4C64-95B1-0FD80F6EB5DD}.Debug|Any CPU.Build.0 = Debug|Any CPU
		{60F5E2FD-3448-4C64-95B1-0FD80F6EB5DD}.Release|Any CPU.ActiveCfg = Release|Any CPU
		{60F5E2FD-3448-4C64-95B1-0FD80F6EB5DD}.Release|Any CPU.Build.0 = Release|Any CPU
		{4E3EA275-A224-4035-BBDD-02DAD41BAC8F}.Debug|Any CPU.ActiveCfg = Debug|Any CPU
		{4E3EA275-A224-4035-BBDD-02DAD41BAC8F}.Debug|Any CPU.Build.0 = Debug|Any CPU
		{4E3EA275-A224-4035-BBDD-02DAD41BAC8F}.Release|Any CPU.ActiveCfg = Release|Any CPU
		{4E3EA275-A224-4035-BBDD-02DAD41BAC8F}.Release|Any CPU.Build.0 = Release|Any CPU
		{3A7176F1-8B09-448E-A02B-071B257CBE84}.Debug|Any CPU.ActiveCfg = Debug|Any CPU
		{3A7176F1-8B09-448E-A02B-071B257CBE84}.Debug|Any CPU.Build.0 = Debug|Any CPU
		{3A7176F1-8B09-448E-A02B-071B257CBE84}.Release|Any CPU.ActiveCfg = Release|Any CPU
		{3A7176F1-8B09-448E-A02B-071B257CBE84}.Release|Any CPU.Build.0 = Release|Any CPU
		{174C6A53-E230-42E7-9C44-8B95BAE9E3A8}.Debug|Any CPU.ActiveCfg = Debug|Any CPU
		{174C6A53-E230-42E7-9C44-8B95BAE9E3A8}.Debug|Any CPU.Build.0 = Debug|Any CPU
		{174C6A53-E230-42E7-9C44-8B95BAE9E3A8}.Release|Any CPU.ActiveCfg = Release|Any CPU
		{174C6A53-E230-42E7-9C44-8B95BAE9E3A8}.Release|Any CPU.Build.0 = Release|Any CPU
	EndGlobalSection
	GlobalSection(SolutionProperties) = preSolution
		HideSolutionNode = FALSE
	EndGlobalSection
	GlobalSection(ExtensibilityGlobals) = postSolution
		SolutionGuid = {8B630559-AE24-4391-85DE-2854B8F7F939}
	EndGlobalSection
EndGlobal
