
Microsoft Visual Studio Solution File, Format Version 12.00
# Visual Studio 15
VisualStudioVersion = 15.0.27130.2027
MinimumVisualStudioVersion = 10.0.40219.1
Project("{9A19103F-16F7-4668-BE54-9A1E7A4F7556}") = "bi_dev.integration.google.auth", "bi_dev.integration.google.auth\bi_dev.integration.google.auth.csproj", "{15FC9F9D-9548-4AF7-884C-73C2D74D66FF}"
EndProject
Project("{9A19103F-16F7-4668-BE54-9A1E7A4F7556}") = "bi_dev.integration.google.analytics.reporting", "bi_dev.integration.google.analytics.reporting\bi_dev.integration.google.analytics.reporting.csproj", "{879F451B-041D-407B-AE28-2AA7ADF41052}"
EndProject
Project("{9A19103F-16F7-4668-BE54-9A1E7A4F7556}") = "bi_dev.integration.yandex.metrika.reporting", "..\yandex\bi_dev.integration.yandex.metrika.reporting\bi_dev.integration.yandex.metrika.reporting.csproj", "{76DCF0C5-0A62-42C9-8532-B16E8AA1665F}"
EndProject
Project("{9A19103F-16F7-4668-BE54-9A1E7A4F7556}") = "bi_dev.integration.yandex.auth", "..\yandex\bi_dev.integration.yandex.auth\bi_dev.integration.yandex.auth.csproj", "{0914C185-0770-45C9-B81F-34D42D121F26}"
EndProject
Project("{9A19103F-16F7-4668-BE54-9A1E7A4F7556}") = "bi_dev.integration.reporting.Cnsl", "..\cnsl\bi_dev.integration.reporting.cnsl\bi_dev.integration.reporting.Cnsl.csproj", "{D8C94306-EC94-4E6F-A7E5-8AC7CEBE409F}"
EndProject
Project("{9A19103F-16F7-4668-BE54-9A1E7A4F7556}") = "bi_dev.integration.google.analytics.reporting.storage", "bi_dev.integration.google.analytics.reporting.storage\bi_dev.integration.google.analytics.reporting.storage.csproj", "{C3F8A410-3F8D-4FBB-889B-D556B75C9BEE}"
EndProject
Project("{9A19103F-16F7-4668-BE54-9A1E7A4F7556}") = "bi_dev.integration.utils.storage", "..\utils\bi_dev.integration.utils.storage\bi_dev.integration.utils.storage.csproj", "{ED55DF25-5A48-40E0-BCED-830DFEA084CB}"
EndProject
Project("{9A19103F-16F7-4668-BE54-9A1E7A4F7556}") = "bi_dev.integration.google.adwords.reporting", "bi_dev.integration.google.adwords.reporting\bi_dev.integration.google.adwords.reporting.csproj", "{E5CC5EE7-9BD9-469D-BC15-1399DD4596A4}"
EndProject
Project("{9A19103F-16F7-4668-BE54-9A1E7A4F7556}") = "bi_dev.integration.utils", "..\utils\bi_dev.integration.utils\bi_dev.integration.utils.csproj", "{FD34472C-55C9-4FFA-AAD5-EE9E6742012F}"
EndProject
Global
	GlobalSection(SolutionConfigurationPlatforms) = preSolution
		Debug|Any CPU = Debug|Any CPU
		Release|Any CPU = Release|Any CPU
	EndGlobalSection
	GlobalSection(ProjectConfigurationPlatforms) = postSolution
		{15FC9F9D-9548-4AF7-884C-73C2D74D66FF}.Debug|Any CPU.ActiveCfg = Debug|Any CPU
		{15FC9F9D-9548-4AF7-884C-73C2D74D66FF}.Debug|Any CPU.Build.0 = Debug|Any CPU
		{15FC9F9D-9548-4AF7-884C-73C2D74D66FF}.Release|Any CPU.ActiveCfg = Release|Any CPU
		{15FC9F9D-9548-4AF7-884C-73C2D74D66FF}.Release|Any CPU.Build.0 = Release|Any CPU
		{879F451B-041D-407B-AE28-2AA7ADF41052}.Debug|Any CPU.ActiveCfg = Debug|Any CPU
		{879F451B-041D-407B-AE28-2AA7ADF41052}.Debug|Any CPU.Build.0 = Debug|Any CPU
		{879F451B-041D-407B-AE28-2AA7ADF41052}.Release|Any CPU.ActiveCfg = Release|Any CPU
		{879F451B-041D-407B-AE28-2AA7ADF41052}.Release|Any CPU.Build.0 = Release|Any CPU
		{76DCF0C5-0A62-42C9-8532-B16E8AA1665F}.Debug|Any CPU.ActiveCfg = Debug|Any CPU
		{76DCF0C5-0A62-42C9-8532-B16E8AA1665F}.Debug|Any CPU.Build.0 = Debug|Any CPU
		{76DCF0C5-0A62-42C9-8532-B16E8AA1665F}.Release|Any CPU.ActiveCfg = Release|Any CPU
		{76DCF0C5-0A62-42C9-8532-B16E8AA1665F}.Release|Any CPU.Build.0 = Release|Any CPU
		{0914C185-0770-45C9-B81F-34D42D121F26}.Debug|Any CPU.ActiveCfg = Debug|Any CPU
		{0914C185-0770-45C9-B81F-34D42D121F26}.Debug|Any CPU.Build.0 = Debug|Any CPU
		{0914C185-0770-45C9-B81F-34D42D121F26}.Release|Any CPU.ActiveCfg = Release|Any CPU
		{0914C185-0770-45C9-B81F-34D42D121F26}.Release|Any CPU.Build.0 = Release|Any CPU
		{D8C94306-EC94-4E6F-A7E5-8AC7CEBE409F}.Debug|Any CPU.ActiveCfg = Debug|Any CPU
		{D8C94306-EC94-4E6F-A7E5-8AC7CEBE409F}.Debug|Any CPU.Build.0 = Debug|Any CPU
		{D8C94306-EC94-4E6F-A7E5-8AC7CEBE409F}.Release|Any CPU.ActiveCfg = Release|Any CPU
		{D8C94306-EC94-4E6F-A7E5-8AC7CEBE409F}.Release|Any CPU.Build.0 = Release|Any CPU
		{C3F8A410-3F8D-4FBB-889B-D556B75C9BEE}.Debug|Any CPU.ActiveCfg = Debug|Any CPU
		{C3F8A410-3F8D-4FBB-889B-D556B75C9BEE}.Debug|Any CPU.Build.0 = Debug|Any CPU
		{C3F8A410-3F8D-4FBB-889B-D556B75C9BEE}.Release|Any CPU.ActiveCfg = Release|Any CPU
		{C3F8A410-3F8D-4FBB-889B-D556B75C9BEE}.Release|Any CPU.Build.0 = Release|Any CPU
		{ED55DF25-5A48-40E0-BCED-830DFEA084CB}.Debug|Any CPU.ActiveCfg = Debug|Any CPU
		{ED55DF25-5A48-40E0-BCED-830DFEA084CB}.Debug|Any CPU.Build.0 = Debug|Any CPU
		{ED55DF25-5A48-40E0-BCED-830DFEA084CB}.Release|Any CPU.ActiveCfg = Release|Any CPU
		{ED55DF25-5A48-40E0-BCED-830DFEA084CB}.Release|Any CPU.Build.0 = Release|Any CPU
		{E5CC5EE7-9BD9-469D-BC15-1399DD4596A4}.Debug|Any CPU.ActiveCfg = Debug|Any CPU
		{E5CC5EE7-9BD9-469D-BC15-1399DD4596A4}.Debug|Any CPU.Build.0 = Debug|Any CPU
		{E5CC5EE7-9BD9-469D-BC15-1399DD4596A4}.Release|Any CPU.ActiveCfg = Release|Any CPU
		{E5CC5EE7-9BD9-469D-BC15-1399DD4596A4}.Release|Any CPU.Build.0 = Release|Any CPU
		{FD34472C-55C9-4FFA-AAD5-EE9E6742012F}.Debug|Any CPU.ActiveCfg = Debug|Any CPU
		{FD34472C-55C9-4FFA-AAD5-EE9E6742012F}.Debug|Any CPU.Build.0 = Debug|Any CPU
		{FD34472C-55C9-4FFA-AAD5-EE9E6742012F}.Release|Any CPU.ActiveCfg = Release|Any CPU
		{FD34472C-55C9-4FFA-AAD5-EE9E6742012F}.Release|Any CPU.Build.0 = Release|Any CPU
	EndGlobalSection
	GlobalSection(SolutionProperties) = preSolution
		HideSolutionNode = FALSE
	EndGlobalSection
	GlobalSection(ExtensibilityGlobals) = postSolution
		SolutionGuid = {8B630559-AE24-4391-85DE-2854B8F7F939}
	EndGlobalSection
EndGlobal
